
Microsoft Visual Studio Solution File, Format Version 12.00
# Visual Studio Version 16
VisualStudioVersion = 16.0.30011.22
MinimumVisualStudioVersion = 10.0.40219.1
Project("{FAE04EC0-301F-11D3-BF4B-00C04F79EFBC}") = "InvestmentCalculator", "InvestmentCalculator\InvestmentCalculator.csproj", "{3AA1E642-120F-49CB-AE7F-186F2DAB73C1}"
EndProject
Global
	GlobalSection(SolutionConfigurationPlatforms) = preSolution
		Debug|Any CPU = Debug|Any CPU
		Release|Any CPU = Release|Any CPU
	EndGlobalSection
	GlobalSection(ProjectConfigurationPlatforms) = postSolution
		{3AA1E642-120F-49CB-AE7F-186F2DAB73C1}.Debug|Any CPU.ActiveCfg = Debug|Any CPU
		{3AA1E642-120F-49CB-AE7F-186F2DAB73C1}.Debug|Any CPU.Build.0 = Debug|Any CPU
		{3AA1E642-120F-49CB-AE7F-186F2DAB73C1}.Release|Any CPU.ActiveCfg = Release|Any CPU
		{3AA1E642-120F-49CB-AE7F-186F2DAB73C1}.Release|Any CPU.Build.0 = Release|Any CPU
	EndGlobalSection
	GlobalSection(SolutionProperties) = preSolution
		HideSolutionNode = FALSE
	EndGlobalSection
	GlobalSection(ExtensibilityGlobals) = postSolution
		SolutionGuid = {049B2339-AE3D-4483-8DF7-B4C831E8814A}
	EndGlobalSection
EndGlobal
